
Microsoft Visual Studio Solution File, Format Version 12.00
# Visual Studio Version 17
VisualStudioVersion = 17.4.33205.214
MinimumVisualStudioVersion = 10.0.40219.1
Project("{FAE04EC0-301F-11D3-BF4B-00C04F79EFBC}") = "morelli.giovanni.4h.gelati", "morelli.giovanni.4h.gelati\morelli.giovanni.4h.gelati.csproj", "{38FEAC56-62F8-40F1-B5D1-FA6AEA27E48B}"
EndProject
Global
	GlobalSection(SolutionConfigurationPlatforms) = preSolution
		Debug|Any CPU = Debug|Any CPU
		Release|Any CPU = Release|Any CPU
	EndGlobalSection
	GlobalSection(ProjectConfigurationPlatforms) = postSolution
		{38FEAC56-62F8-40F1-B5D1-FA6AEA27E48B}.Debug|Any CPU.ActiveCfg = Debug|Any CPU
		{38FEAC56-62F8-40F1-B5D1-FA6AEA27E48B}.Debug|Any CPU.Build.0 = Debug|Any CPU
		{38FEAC56-62F8-40F1-B5D1-FA6AEA27E48B}.Release|Any CPU.ActiveCfg = Release|Any CPU
		{38FEAC56-62F8-40F1-B5D1-FA6AEA27E48B}.Release|Any CPU.Build.0 = Release|Any CPU
	EndGlobalSection
	GlobalSection(SolutionProperties) = preSolution
		HideSolutionNode = FALSE
	EndGlobalSection
	GlobalSection(ExtensibilityGlobals) = postSolution
		SolutionGuid = {9FF65273-D0F6-4BC4-A9AF-F92172FAD9C1}
	EndGlobalSection
EndGlobal
